
Microsoft Visual Studio Solution File, Format Version 12.00
# Visual Studio Version 16
VisualStudioVersion = 16.0.31702.278
MinimumVisualStudioVersion = 10.0.40219.1
Project("{FAE04EC0-301F-11D3-BF4B-00C04F79EFBC}") = "index.html", "index.html\index.html.csproj", "{44AC1E94-93D0-4292-9A48-2D6DB27066CA}"
EndProject
Global
	GlobalSection(SolutionConfigurationPlatforms) = preSolution
		Debug|Any CPU = Debug|Any CPU
		Release|Any CPU = Release|Any CPU
	EndGlobalSection
	GlobalSection(ProjectConfigurationPlatforms) = postSolution
		{44AC1E94-93D0-4292-9A48-2D6DB27066CA}.Debug|Any CPU.ActiveCfg = Debug|Any CPU
		{44AC1E94-93D0-4292-9A48-2D6DB27066CA}.Debug|Any CPU.Build.0 = Debug|Any CPU
		{44AC1E94-93D0-4292-9A48-2D6DB27066CA}.Release|Any CPU.ActiveCfg = Release|Any CPU
		{44AC1E94-93D0-4292-9A48-2D6DB27066CA}.Release|Any CPU.Build.0 = Release|Any CPU
	EndGlobalSection
	GlobalSection(SolutionProperties) = preSolution
		HideSolutionNode = FALSE
	EndGlobalSection
	GlobalSection(ExtensibilityGlobals) = postSolution
		SolutionGuid = {FD38EE44-EAAD-4074-A587-AC2DD8E5728F}
	EndGlobalSection
EndGlobal
